Microsoft Visual Studio Solution File, Format Version 12.00
# Visual Studio Version 17
VisualStudioVersion = 17.5.2.0
MinimumVisualStudioVersion = 10.0.40219.1
Project("{FAE04EC0-301F-11D3-BF4B-00C04F79EFBC}") = "TaskTracker.Api", "TaskTracker.Api.csproj", "{4AC0E67E-C8F4-D977-E58A-4E51D5ADFC74}"
EndProject
Global
	GlobalSection(SolutionConfigurationPlatforms) = preSolution
		Debug|Any CPU = Debug|Any CPU
		Release|Any CPU = Release|Any CPU
	EndGlobalSection
	GlobalSection(ProjectConfigurationPlatforms) = postSolution
		{4AC0E67E-C8F4-D977-E58A-4E51D5ADFC74}.Debug|Any CPU.ActiveCfg = Debug|Any CPU
		{4AC0E67E-C8F4-D977-E58A-4E51D5ADFC74}.Debug|Any CPU.Build.0 = Debug|Any CPU
		{4AC0E67E-C8F4-D977-E58A-4E51D5ADFC74}.Release|Any CPU.ActiveCfg = Release|Any CPU
		{4AC0E67E-C8F4-D977-E58A-4E51D5ADFC74}.Release|Any CPU.Build.0 = Release|Any CPU
	EndGlobalSection
	GlobalSection(SolutionProperties) = preSolution
		HideSolutionNode = FALSE
	EndGlobalSection
	GlobalSection(ExtensibilityGlobals) = postSolution
		SolutionGuid = {3943C405-197B-499A-A125-C5D61EDFF8F9}
	EndGlobalSection
EndGlobal
